
Microsoft Visual Studio Solution File, Format Version 12.00
# Visual Studio Version 17
VisualStudioVersion = 17.0.31903.59
MinimumVisualStudioVersion = 10.0.40219.1
Project("{2150E333-8FDC-42A3-9474-1A3956D46DE8}") = "src", "src", "{827E0CD3-B72D-47B6-A68D-7590B98EB39B}"
EndProject
Project("{FAE04EC0-301F-11D3-BF4B-00C04F79EFBC}") = "EventOps.API", "src\EventOps.API\EventOps.API.csproj", "{16C4BB71-EAFF-4559-8C50-CB8A451D503D}"
EndProject
Project("{FAE04EC0-301F-11D3-BF4B-00C04F79EFBC}") = "EventOps.Core", "src\EventOps.Core\EventOps.Core.csproj", "{3A853312-4229-4ACB-BD62-7A58C6FCE5CA}"
EndProject
Project("{FAE04EC0-301F-11D3-BF4B-00C04F79EFBC}") = "EventOps.Infrastructure", "src\EventOps.Infrastructure\EventOps.Infrastructure.csproj", "{ED661C40-D114-44BC-9E8E-DD14A96ECCA6}"
EndProject
Global
	GlobalSection(SolutionConfigurationPlatforms) = preSolution
		Debug|Any CPU = Debug|Any CPU
		Debug|x64 = Debug|x64
		Debug|x86 = Debug|x86
		Release|Any CPU = Release|Any CPU
		Release|x64 = Release|x64
		Release|x86 = Release|x86
	EndGlobalSection
	GlobalSection(ProjectConfigurationPlatforms) = postSolution
		{16C4BB71-EAFF-4559-8C50-CB8A451D503D}.Debug|Any CPU.ActiveCfg = Debug|Any CPU
		{16C4BB71-EAFF-4559-8C50-CB8A451D503D}.Debug|Any CPU.Build.0 = Debug|Any CPU
		{16C4BB71-EAFF-4559-8C50-CB8A451D503D}.Debug|x64.ActiveCfg = Debug|Any CPU
		{16C4BB71-EAFF-4559-8C50-CB8A451D503D}.Debug|x64.Build.0 = Debug|Any CPU
		{16C4BB71-EAFF-4559-8C50-CB8A451D503D}.Debug|x86.ActiveCfg = Debug|Any CPU
		{16C4BB71-EAFF-4559-8C50-CB8A451D503D}.Debug|x86.Build.0 = Debug|Any CPU
		{16C4BB71-EAFF-4559-8C50-CB8A451D503D}.Release|Any CPU.ActiveCfg = Release|Any CPU
		{16C4BB71-EAFF-4559-8C50-CB8A451D503D}.Release|Any CPU.Build.0 = Release|Any CPU
		{16C4BB71-EAFF-4559-8C50-CB8A451D503D}.Release|x64.ActiveCfg = Release|Any CPU
		{16C4BB71-EAFF-4559-8C50-CB8A451D503D}.Release|x64.Build.0 = Release|Any CPU
		{16C4BB71-EAFF-4559-8C50-CB8A451D503D}.Release|x86.ActiveCfg = Release|Any CPU
		{16C4BB71-EAFF-4559-8C50-CB8A451D503D}.Release|x86.Build.0 = Release|Any CPU
		{3A853312-4229-4ACB-BD62-7A58C6FCE5CA}.Debug|Any CPU.ActiveCfg = Debug|Any CPU
		{3A853312-4229-4ACB-BD62-7A58C6FCE5CA}.Debug|Any CPU.Build.0 = Debug|Any CPU
		{3A853312-4229-4ACB-BD62-7A58C6FCE5CA}.Debug|x64.ActiveCfg = Debug|Any CPU
		{3A853312-4229-4ACB-BD62-7A58C6FCE5CA}.Debug|x64.Build.0 = Debug|Any CPU
		{3A853312-4229-4ACB-BD62-7A58C6FCE5CA}.Debug|x86.ActiveCfg = Debug|Any CPU
		{3A853312-4229-4ACB-BD62-7A58C6FCE5CA}.Debug|x86.Build.0 = Debug|Any CPU
		{3A853312-4229-4ACB-BD62-7A58C6FCE5CA}.Release|Any CPU.ActiveCfg = Release|Any CPU
		{3A853312-4229-4ACB-BD62-7A58C6FCE5CA}.Release|Any CPU.Build.0 = Release|Any CPU
		{3A853312-4229-4ACB-BD62-7A58C6FCE5CA}.Release|x64.ActiveCfg = Release|Any CPU
		{3A853312-4229-4ACB-BD62-7A58C6FCE5CA}.Release|x64.Build.0 = Release|Any CPU
		{3A853312-4229-4ACB-BD62-7A58C6FCE5CA}.Release|x86.ActiveCfg = Release|Any CPU
		{3A853312-4229-4ACB-BD62-7A58C6FCE5CA}.Release|x86.Build.0 = Release|Any CPU
		{ED661C40-D114-44BC-9E8E-DD14A96ECCA6}.Debug|Any CPU.ActiveCfg = Debug|Any CPU
		{ED661C40-D114-44BC-9E8E-DD14A96ECCA6}.Debug|Any CPU.Build.0 = Debug|Any CPU
		{ED661C40-D114-44BC-9E8E-DD14A96ECCA6}.Debug|x64.ActiveCfg = Debug|Any CPU
		{ED661C40-D114-44BC-9E8E-DD14A96ECCA6}.Debug|x64.Build.0 = Debug|Any CPU
		{ED661C40-D114-44BC-9E8E-DD14A96ECCA6}.Debug|x86.ActiveCfg = Debug|Any CPU
		{ED661C40-D114-44BC-9E8E-DD14A96ECCA6}.Debug|x86.Build.0 = Debug|Any CPU
		{ED661C40-D114-44BC-9E8E-DD14A96ECCA6}.Release|Any CPU.ActiveCfg = Release|Any CPU
		{ED661C40-D114-44BC-9E8E-DD14A96ECCA6}.Release|Any CPU.Build.0 = Release|Any CPU
		{ED661C40-D114-44BC-9E8E-DD14A96ECCA6}.Release|x64.ActiveCfg = Release|Any CPU
		{ED661C40-D114-44BC-9E8E-DD14A96ECCA6}.Release|x64.Build.0 = Release|Any CPU
		{ED661C40-D114-44BC-9E8E-DD14A96ECCA6}.Release|x86.ActiveCfg = Release|Any CPU
		{ED661C40-D114-44BC-9E8E-DD14A96ECCA6}.Release|x86.Build.0 = Release|Any CPU
	EndGlobalSection
	GlobalSection(SolutionProperties) = preSolution
		HideSolutionNode = FALSE
	EndGlobalSection
	GlobalSection(NestedProjects) = preSolution
		{16C4BB71-EAFF-4559-8C50-CB8A451D503D} = {827E0CD3-B72D-47B6-A68D-7590B98EB39B}
		{3A853312-4229-4ACB-BD62-7A58C6FCE5CA} = {827E0CD3-B72D-47B6-A68D-7590B98EB39B}
		{ED661C40-D114-44BC-9E8E-DD14A96ECCA6} = {827E0CD3-B72D-47B6-A68D-7590B98EB39B}
	EndGlobalSection
EndGlobal
